
Microsoft Visual Studio Solution File, Format Version 12.00
# Visual Studio 15
VisualStudioVersion = 15.0.27428.2037
MinimumVisualStudioVersion = 10.0.40219.1
Project("{FAE04EC0-301F-11D3-BF4B-00C04F79EFBC}") = "CatFactory", "CatFactory\CatFactory.csproj", "{77CA9249-2085-4DDC-8D13-387B0E19EF06}"
EndProject
Project("{FAE04EC0-301F-11D3-BF4B-00C04F79EFBC}") = "CatFactory.Tests", "CatFactory.Tests\CatFactory.Tests.csproj", "{33C79384-2CE4-48A3-A152-B6864B029850}"
EndProject
Global
	GlobalSection(SolutionConfigurationPlatforms) = preSolution
		Debug|Any CPU = Debug|Any CPU
		Release|Any CPU = Release|Any CPU
	EndGlobalSection
	GlobalSection(ProjectConfigurationPlatforms) = postSolution
		{77CA9249-2085-4DDC-8D13-387B0E19EF06}.Debug|Any CPU.ActiveCfg = Debug|Any CPU
		{77CA9249-2085-4DDC-8D13-387B0E19EF06}.Debug|Any CPU.Build.0 = Debug|Any CPU
		{77CA9249-2085-4DDC-8D13-387B0E19EF06}.Release|Any CPU.ActiveCfg = Release|Any CPU
		{77CA9249-2085-4DDC-8D13-387B0E19EF06}.Release|Any CPU.Build.0 = Release|Any CPU
		{33C79384-2CE4-48A3-A152-B6864B029850}.Debug|Any CPU.ActiveCfg = Debug|Any CPU
		{33C79384-2CE4-48A3-A152-B6864B029850}.Debug|Any CPU.Build.0 = Debug|Any CPU
		{33C79384-2CE4-48A3-A152-B6864B029850}.Release|Any CPU.ActiveCfg = Release|Any CPU
		{33C79384-2CE4-48A3-A152-B6864B029850}.Release|Any CPU.Build.0 = Release|Any CPU
	EndGlobalSection
	GlobalSection(SolutionProperties) = preSolution
		HideSolutionNode = FALSE
	EndGlobalSection
	GlobalSection(ExtensibilityGlobals) = postSolution
		SolutionGuid = {870D8762-4459-44C8-8B24-4CDD1F2F94F5}
	EndGlobalSection
EndGlobal
