
Microsoft Visual Studio Solution File, Format Version 12.00
# Visual Studio 14
VisualStudioVersion = 14.0.25420.1
MinimumVisualStudioVersion = 10.0.40219.1
Project("{2150E333-8FDC-42A3-9474-1A3956D46DE8}") = "src", "src", "{9362D7E1-35FF-4AAA-8F15-9A456F5027A3}"
EndProject
Project("{2150E333-8FDC-42A3-9474-1A3956D46DE8}") = "Solution Items", "Solution Items", "{471630FA-7AFA-4B26-86C7-021567813158}"
	ProjectSection(SolutionItems) = preProject
		global.json = global.json
	EndProjectSection
EndProject
Project("{8BB2217D-0F2D-49D1-97BC-3654ED321F3B}") = "CatFactory", "src\CatFactory\CatFactory.xproj", "{FAE8A771-6629-46EE-9983-8221444E27AF}"
EndProject
Project("{2150E333-8FDC-42A3-9474-1A3956D46DE8}") = "test", "test", "{09A349FF-B2BF-4770-A036-D76E0F86253E}"
EndProject
Project("{8BB2217D-0F2D-49D1-97BC-3654ED321F3B}") = "CatFactory.Tests", "test\CatFactory.Tests\CatFactory.Tests.xproj", "{E458377C-1A61-41D2-83CD-D3BAEA9EB0C6}"
EndProject
Global
	GlobalSection(SolutionConfigurationPlatforms) = preSolution
		Debug|Any CPU = Debug|Any CPU
		Release|Any CPU = Release|Any CPU
	EndGlobalSection
	GlobalSection(ProjectConfigurationPlatforms) = postSolution
		{FAE8A771-6629-46EE-9983-8221444E27AF}.Debug|Any CPU.ActiveCfg = Debug|Any CPU
		{FAE8A771-6629-46EE-9983-8221444E27AF}.Debug|Any CPU.Build.0 = Debug|Any CPU
		{FAE8A771-6629-46EE-9983-8221444E27AF}.Release|Any CPU.ActiveCfg = Release|Any CPU
		{FAE8A771-6629-46EE-9983-8221444E27AF}.Release|Any CPU.Build.0 = Release|Any CPU
		{E458377C-1A61-41D2-83CD-D3BAEA9EB0C6}.Debug|Any CPU.ActiveCfg = Debug|Any CPU
		{E458377C-1A61-41D2-83CD-D3BAEA9EB0C6}.Debug|Any CPU.Build.0 = Debug|Any CPU
		{E458377C-1A61-41D2-83CD-D3BAEA9EB0C6}.Release|Any CPU.ActiveCfg = Release|Any CPU
		{E458377C-1A61-41D2-83CD-D3BAEA9EB0C6}.Release|Any CPU.Build.0 = Release|Any CPU
	EndGlobalSection
	GlobalSection(SolutionProperties) = preSolution
		HideSolutionNode = FALSE
	EndGlobalSection
	GlobalSection(NestedProjects) = preSolution
		{FAE8A771-6629-46EE-9983-8221444E27AF} = {9362D7E1-35FF-4AAA-8F15-9A456F5027A3}
		{E458377C-1A61-41D2-83CD-D3BAEA9EB0C6} = {09A349FF-B2BF-4770-A036-D76E0F86253E}
	EndGlobalSection
EndGlobal
